
Microsoft Visual Studio Solution File, Format Version 12.00
# Visual Studio Version 16
VisualStudioVersion = 16.0.31613.86
MinimumVisualStudioVersion = 10.0.40219.1
Project("{9A19103F-16F7-4668-BE54-9A1E7A4F7556}") = "Chatbot.Api", "Chatbot.Api\Chatbot.Api.csproj", "{3DF06293-4E48-4969-8831-562AADBE2BC4}"
EndProject
Project("{FAE04EC0-301F-11D3-BF4B-00C04F79EFBC}") = "Chatbot.Common", "Chatbot.Common\Chatbot.Common.csproj", "{E237D12A-7E3D-409A-A0EE-38D79BD007EB}"
EndProject
Project("{FAE04EC0-301F-11D3-BF4B-00C04F79EFBC}") = "Chatbot.Data", "Chatbot.Data\Chatbot.Data.csproj", "{4D5AA098-CF9C-489E-8870-41F247155C2F}"
EndProject
Project("{FAE04EC0-301F-11D3-BF4B-00C04F79EFBC}") = "Chatbot.Model", "Chatbot.Model\Chatbot.Model.csproj", "{EF5660C0-24C4-4CBB-A78E-166DA07D13C3}"
EndProject
Project("{FAE04EC0-301F-11D3-BF4B-00C04F79EFBC}") = "Chatbot.Service", "Chatbot.Service\Chatbot.Service.csproj", "{D84CF453-ECFE-47F2-A290-6FDB05293A10}"
EndProject
Project("{FAE04EC0-301F-11D3-BF4B-00C04F79EFBC}") = "Chatbot.ServiceDependencies", "Chatbot.ServiceDependencies\Chatbot.ServiceDependencies.csproj", "{2CDBC60A-57E2-4352-A1E9-9AB24B7D7C4B}"
EndProject
Global
	GlobalSection(SolutionConfigurationPlatforms) = preSolution
		Debug|Any CPU = Debug|Any CPU
		Release|Any CPU = Release|Any CPU
	EndGlobalSection
	GlobalSection(ProjectConfigurationPlatforms) = postSolution
		{3DF06293-4E48-4969-8831-562AADBE2BC4}.Debug|Any CPU.ActiveCfg = Debug|Any CPU
		{3DF06293-4E48-4969-8831-562AADBE2BC4}.Debug|Any CPU.Build.0 = Debug|Any CPU
		{3DF06293-4E48-4969-8831-562AADBE2BC4}.Release|Any CPU.ActiveCfg = Release|Any CPU
		{3DF06293-4E48-4969-8831-562AADBE2BC4}.Release|Any CPU.Build.0 = Release|Any CPU
		{E237D12A-7E3D-409A-A0EE-38D79BD007EB}.Debug|Any CPU.ActiveCfg = Debug|Any CPU
		{E237D12A-7E3D-409A-A0EE-38D79BD007EB}.Debug|Any CPU.Build.0 = Debug|Any CPU
		{E237D12A-7E3D-409A-A0EE-38D79BD007EB}.Release|Any CPU.ActiveCfg = Release|Any CPU
		{E237D12A-7E3D-409A-A0EE-38D79BD007EB}.Release|Any CPU.Build.0 = Release|Any CPU
		{4D5AA098-CF9C-489E-8870-41F247155C2F}.Debug|Any CPU.ActiveCfg = Debug|Any CPU
		{4D5AA098-CF9C-489E-8870-41F247155C2F}.Debug|Any CPU.Build.0 = Debug|Any CPU
		{4D5AA098-CF9C-489E-8870-41F247155C2F}.Release|Any CPU.ActiveCfg = Release|Any CPU
		{4D5AA098-CF9C-489E-8870-41F247155C2F}.Release|Any CPU.Build.0 = Release|Any CPU
		{EF5660C0-24C4-4CBB-A78E-166DA07D13C3}.Debug|Any CPU.ActiveCfg = Debug|Any CPU
		{EF5660C0-24C4-4CBB-A78E-166DA07D13C3}.Debug|Any CPU.Build.0 = Debug|Any CPU
		{EF5660C0-24C4-4CBB-A78E-166DA07D13C3}.Release|Any CPU.ActiveCfg = Release|Any CPU
		{EF5660C0-24C4-4CBB-A78E-166DA07D13C3}.Release|Any CPU.Build.0 = Release|Any CPU
		{D84CF453-ECFE-47F2-A290-6FDB05293A10}.Debug|Any CPU.ActiveCfg = Debug|Any CPU
		{D84CF453-ECFE-47F2-A290-6FDB05293A10}.Debug|Any CPU.Build.0 = Debug|Any CPU
		{D84CF453-ECFE-47F2-A290-6FDB05293A10}.Release|Any CPU.ActiveCfg = Release|Any CPU
		{D84CF453-ECFE-47F2-A290-6FDB05293A10}.Release|Any CPU.Build.0 = Release|Any CPU
		{2CDBC60A-57E2-4352-A1E9-9AB24B7D7C4B}.Debug|Any CPU.ActiveCfg = Debug|Any CPU
		{2CDBC60A-57E2-4352-A1E9-9AB24B7D7C4B}.Debug|Any CPU.Build.0 = Debug|Any CPU
		{2CDBC60A-57E2-4352-A1E9-9AB24B7D7C4B}.Release|Any CPU.ActiveCfg = Release|Any CPU
		{2CDBC60A-57E2-4352-A1E9-9AB24B7D7C4B}.Release|Any CPU.Build.0 = Release|Any CPU
	EndGlobalSection
	GlobalSection(SolutionProperties) = preSolution
		HideSolutionNode = FALSE
	EndGlobalSection
	GlobalSection(ExtensibilityGlobals) = postSolution
		SolutionGuid = {CDB76C95-EAF2-4E3B-8C3A-3FC5EDA4F945}
	EndGlobalSection
EndGlobal
